
Microsoft Visual Studio Solution File, Format Version 12.00
# Visual Studio Version 16
VisualStudioVersion = 16.0.31112.23
MinimumVisualStudioVersion = 10.0.40219.1
Project("{9A19103F-16F7-4668-BE54-9A1E7A4F7556}") = "Roles", "Example\Roles.csproj", "{C90B31E0-B302-492F-9410-636CEA034AE3}"
EndProject
Global
	GlobalSection(SolutionConfigurationPlatforms) = preSolution
		Debug|Any CPU = Debug|Any CPU
		Release|Any CPU = Release|Any CPU
	EndGlobalSection
	GlobalSection(ProjectConfigurationPlatforms) = postSolution
		{C90B31E0-B302-492F-9410-636CEA034AE3}.Debug|Any CPU.ActiveCfg = Debug|Any CPU
		{C90B31E0-B302-492F-9410-636CEA034AE3}.Debug|Any CPU.Build.0 = Debug|Any CPU
		{C90B31E0-B302-492F-9410-636CEA034AE3}.Release|Any CPU.ActiveCfg = Release|Any CPU
		{C90B31E0-B302-492F-9410-636CEA034AE3}.Release|Any CPU.Build.0 = Release|Any CPU
	EndGlobalSection
	GlobalSection(SolutionProperties) = preSolution
		HideSolutionNode = FALSE
	EndGlobalSection
	GlobalSection(ExtensibilityGlobals) = postSolution
		SolutionGuid = {13DDAC39-6736-4076-97BC-887200A15243}
	EndGlobalSection
EndGlobal
